
Microsoft Visual Studio Solution File, Format Version 12.00
# Visual Studio Version 17
VisualStudioVersion = 17.0.31903.59
MinimumVisualStudioVersion = 10.0.40219.1
Project("{2150E333-8FDC-42A3-9474-1A3956D46DE8}") = "src", "src", "{827E0CD3-B72D-47B6-A68D-7590B98EB39B}"
EndProject
Project("{2150E333-8FDC-42A3-9474-1A3956D46DE8}") = "Shared", "Shared", "{C8E42992-5E42-0C2B-DBFE-AA848D06431C}"
EndProject
Project("{FAE04EC0-301F-11D3-BF4B-00C04F79EFBC}") = "VeracodeDemo.Shared", "src\Shared\VeracodeDemo.Shared\VeracodeDemo.Shared.csproj", "{66CFB7ED-BEB9-4D08-863B-7C0CF555FB89}"
EndProject
Project("{2150E333-8FDC-42A3-9474-1A3956D46DE8}") = "Modules", "Modules", "{EC447DCF-ABFA-6E24-52A5-D7FD48A5C558}"
EndProject
Project("{2150E333-8FDC-42A3-9474-1A3956D46DE8}") = "Clientes", "Clientes", "{2729DC6D-1608-AC2B-0D89-EF16FD55295B}"
EndProject
Project("{FAE04EC0-301F-11D3-BF4B-00C04F79EFBC}") = "VeracodeDemo.Clientes.Api", "src\Modules\Clientes\VeracodeDemo.Clientes.Api\VeracodeDemo.Clientes.Api.csproj", "{04C9D39C-86BF-4B08-9D31-EE0E6F40B626}"
EndProject
Project("{2150E333-8FDC-42A3-9474-1A3956D46DE8}") = "Reservas", "Reservas", "{CF0F3E8C-3ED3-CB8C-CBA9-1A8FA4511FC5}"
EndProject
Project("{FAE04EC0-301F-11D3-BF4B-00C04F79EFBC}") = "VeracodeDemo.Reservas.Api", "src\Modules\Reservas\VeracodeDemo.Reservas.Api\VeracodeDemo.Reservas.Api.csproj", "{A5ACB2B6-4430-4A79-A211-1961B7AE01A5}"
EndProject
Project("{2150E333-8FDC-42A3-9474-1A3956D46DE8}") = "Pagos", "Pagos", "{5C4C0DEC-AA0F-9330-BD12-C9AE572233AB}"
EndProject
Project("{FAE04EC0-301F-11D3-BF4B-00C04F79EFBC}") = "VeracodeDemo.Pagos.Api", "src\Modules\Pagos\VeracodeDemo.Pagos.Api\VeracodeDemo.Pagos.Api.csproj", "{DC7E8262-2BC8-46DA-9757-20DA22B5F54F}"
EndProject
Global
	GlobalSection(SolutionConfigurationPlatforms) = preSolution
		Debug|Any CPU = Debug|Any CPU
		Debug|x64 = Debug|x64
		Debug|x86 = Debug|x86
		Release|Any CPU = Release|Any CPU
		Release|x64 = Release|x64
		Release|x86 = Release|x86
	EndGlobalSection
	GlobalSection(ProjectConfigurationPlatforms) = postSolution
		{66CFB7ED-BEB9-4D08-863B-7C0CF555FB89}.Debug|Any CPU.ActiveCfg = Debug|Any CPU
		{66CFB7ED-BEB9-4D08-863B-7C0CF555FB89}.Debug|Any CPU.Build.0 = Debug|Any CPU
		{66CFB7ED-BEB9-4D08-863B-7C0CF555FB89}.Debug|x64.ActiveCfg = Debug|Any CPU
		{66CFB7ED-BEB9-4D08-863B-7C0CF555FB89}.Debug|x64.Build.0 = Debug|Any CPU
		{66CFB7ED-BEB9-4D08-863B-7C0CF555FB89}.Debug|x86.ActiveCfg = Debug|Any CPU
		{66CFB7ED-BEB9-4D08-863B-7C0CF555FB89}.Debug|x86.Build.0 = Debug|Any CPU
		{66CFB7ED-BEB9-4D08-863B-7C0CF555FB89}.Release|Any CPU.ActiveCfg = Release|Any CPU
		{66CFB7ED-BEB9-4D08-863B-7C0CF555FB89}.Release|Any CPU.Build.0 = Release|Any CPU
		{66CFB7ED-BEB9-4D08-863B-7C0CF555FB89}.Release|x64.ActiveCfg = Release|Any CPU
		{66CFB7ED-BEB9-4D08-863B-7C0CF555FB89}.Release|x64.Build.0 = Release|Any CPU
		{66CFB7ED-BEB9-4D08-863B-7C0CF555FB89}.Release|x86.ActiveCfg = Release|Any CPU
		{66CFB7ED-BEB9-4D08-863B-7C0CF555FB89}.Release|x86.Build.0 = Release|Any CPU
		{04C9D39C-86BF-4B08-9D31-EE0E6F40B626}.Debug|Any CPU.ActiveCfg = Debug|Any CPU
		{04C9D39C-86BF-4B08-9D31-EE0E6F40B626}.Debug|Any CPU.Build.0 = Debug|Any CPU
		{04C9D39C-86BF-4B08-9D31-EE0E6F40B626}.Debug|x64.ActiveCfg = Debug|Any CPU
		{04C9D39C-86BF-4B08-9D31-EE0E6F40B626}.Debug|x64.Build.0 = Debug|Any CPU
		{04C9D39C-86BF-4B08-9D31-EE0E6F40B626}.Debug|x86.ActiveCfg = Debug|Any CPU
		{04C9D39C-86BF-4B08-9D31-EE0E6F40B626}.Debug|x86.Build.0 = Debug|Any CPU
		{04C9D39C-86BF-4B08-9D31-EE0E6F40B626}.Release|Any CPU.ActiveCfg = Release|Any CPU
		{04C9D39C-86BF-4B08-9D31-EE0E6F40B626}.Release|Any CPU.Build.0 = Release|Any CPU
		{04C9D39C-86BF-4B08-9D31-EE0E6F40B626}.Release|x64.ActiveCfg = Release|Any CPU
		{04C9D39C-86BF-4B08-9D31-EE0E6F40B626}.Release|x64.Build.0 = Release|Any CPU
		{04C9D39C-86BF-4B08-9D31-EE0E6F40B626}.Release|x86.ActiveCfg = Release|Any CPU
		{04C9D39C-86BF-4B08-9D31-EE0E6F40B626}.Release|x86.Build.0 = Release|Any CPU
		{A5ACB2B6-4430-4A79-A211-1961B7AE01A5}.Debug|Any CPU.ActiveCfg = Debug|Any CPU
		{A5ACB2B6-4430-4A79-A211-1961B7AE01A5}.Debug|Any CPU.Build.0 = Debug|Any CPU
		{A5ACB2B6-4430-4A79-A211-1961B7AE01A5}.Debug|x64.ActiveCfg = Debug|Any CPU
		{A5ACB2B6-4430-4A79-A211-1961B7AE01A5}.Debug|x64.Build.0 = Debug|Any CPU
		{A5ACB2B6-4430-4A79-A211-1961B7AE01A5}.Debug|x86.ActiveCfg = Debug|Any CPU
		{A5ACB2B6-4430-4A79-A211-1961B7AE01A5}.Debug|x86.Build.0 = Debug|Any CPU
		{A5ACB2B6-4430-4A79-A211-1961B7AE01A5}.Release|Any CPU.ActiveCfg = Release|Any CPU
		{A5ACB2B6-4430-4A79-A211-1961B7AE01A5}.Release|Any CPU.Build.0 = Release|Any CPU
		{A5ACB2B6-4430-4A79-A211-1961B7AE01A5}.Release|x64.ActiveCfg = Release|Any CPU
		{A5ACB2B6-4430-4A79-A211-1961B7AE01A5}.Release|x64.Build.0 = Release|Any CPU
		{A5ACB2B6-4430-4A79-A211-1961B7AE01A5}.Release|x86.ActiveCfg = Release|Any CPU
		{A5ACB2B6-4430-4A79-A211-1961B7AE01A5}.Release|x86.Build.0 = Release|Any CPU
		{DC7E8262-2BC8-46DA-9757-20DA22B5F54F}.Debug|Any CPU.ActiveCfg = Debug|Any CPU
		{DC7E8262-2BC8-46DA-9757-20DA22B5F54F}.Debug|Any CPU.Build.0 = Debug|Any CPU
		{DC7E8262-2BC8-46DA-9757-20DA22B5F54F}.Debug|x64.ActiveCfg = Debug|Any CPU
		{DC7E8262-2BC8-46DA-9757-20DA22B5F54F}.Debug|x64.Build.0 = Debug|Any CPU
		{DC7E8262-2BC8-46DA-9757-20DA22B5F54F}.Debug|x86.ActiveCfg = Debug|Any CPU
		{DC7E8262-2BC8-46DA-9757-20DA22B5F54F}.Debug|x86.Build.0 = Debug|Any CPU
		{DC7E8262-2BC8-46DA-9757-20DA22B5F54F}.Release|Any CPU.ActiveCfg = Release|Any CPU
		{DC7E8262-2BC8-46DA-9757-20DA22B5F54F}.Release|Any CPU.Build.0 = Release|Any CPU
		{DC7E8262-2BC8-46DA-9757-20DA22B5F54F}.Release|x64.ActiveCfg = Release|Any CPU
		{DC7E8262-2BC8-46DA-9757-20DA22B5F54F}.Release|x64.Build.0 = Release|Any CPU
		{DC7E8262-2BC8-46DA-9757-20DA22B5F54F}.Release|x86.ActiveCfg = Release|Any CPU
		{DC7E8262-2BC8-46DA-9757-20DA22B5F54F}.Release|x86.Build.0 = Release|Any CPU
	EndGlobalSection
	GlobalSection(SolutionProperties) = preSolution
		HideSolutionNode = FALSE
	EndGlobalSection
	GlobalSection(NestedProjects) = preSolution
		{C8E42992-5E42-0C2B-DBFE-AA848D06431C} = {827E0CD3-B72D-47B6-A68D-7590B98EB39B}
		{66CFB7ED-BEB9-4D08-863B-7C0CF555FB89} = {C8E42992-5E42-0C2B-DBFE-AA848D06431C}
		{EC447DCF-ABFA-6E24-52A5-D7FD48A5C558} = {827E0CD3-B72D-47B6-A68D-7590B98EB39B}
		{2729DC6D-1608-AC2B-0D89-EF16FD55295B} = {EC447DCF-ABFA-6E24-52A5-D7FD48A5C558}
		{04C9D39C-86BF-4B08-9D31-EE0E6F40B626} = {2729DC6D-1608-AC2B-0D89-EF16FD55295B}
		{CF0F3E8C-3ED3-CB8C-CBA9-1A8FA4511FC5} = {EC447DCF-ABFA-6E24-52A5-D7FD48A5C558}
		{A5ACB2B6-4430-4A79-A211-1961B7AE01A5} = {CF0F3E8C-3ED3-CB8C-CBA9-1A8FA4511FC5}
		{5C4C0DEC-AA0F-9330-BD12-C9AE572233AB} = {EC447DCF-ABFA-6E24-52A5-D7FD48A5C558}
		{DC7E8262-2BC8-46DA-9757-20DA22B5F54F} = {5C4C0DEC-AA0F-9330-BD12-C9AE572233AB}
	EndGlobalSection
EndGlobal
